
Microsoft Visual Studio Solution File, Format Version 12.00
# Visual Studio Version 17
VisualStudioVersion = 17.10.34928.147
MinimumVisualStudioVersion = 10.0.40219.1
Project("{9A19103F-16F7-4668-BE54-9A1E7A4F7556}") = "Workplace.Client", "Workplace.Client\Workplace.Client.csproj", "{AD182395-A104-465C-AB2B-B3893EF8EBD8}"
EndProject
Project("{9A19103F-16F7-4668-BE54-9A1E7A4F7556}") = "Workplace.Shared", "Workplace.Shared\Workplace.Shared.csproj", "{569980CA-D4E6-4554-B8B2-F9142C81D95E}"
EndProject
Project("{9A19103F-16F7-4668-BE54-9A1E7A4F7556}") = "Workplace.Server", "Workplace.Server\Workplace.Server.csproj", "{D33CC7CC-6FB0-4462-92C1-AAD5B1473429}"
EndProject
Project("{FAE04EC0-301F-11D3-BF4B-00C04F79EFBC}") = "BlazorApp1", "BlazorApp1\BlazorApp1\BlazorApp1.csproj", "{C8694C7C-BC3E-49E9-A220-8D2199275E75}"
EndProject
Project("{FAE04EC0-301F-11D3-BF4B-00C04F79EFBC}") = "BlazorApp1.Client", "BlazorApp1\BlazorApp1.Client\BlazorApp1.Client.csproj", "{BF1FE0F6-C653-4104-A69A-08B10D4B87E4}"
EndProject
Global
	GlobalSection(SolutionConfigurationPlatforms) = preSolution
		Debug|Any CPU = Debug|Any CPU
		Release|Any CPU = Release|Any CPU
	EndGlobalSection
	GlobalSection(ProjectConfigurationPlatforms) = postSolution
		{AD182395-A104-465C-AB2B-B3893EF8EBD8}.Debug|Any CPU.ActiveCfg = Debug|Any CPU
		{AD182395-A104-465C-AB2B-B3893EF8EBD8}.Debug|Any CPU.Build.0 = Debug|Any CPU
		{AD182395-A104-465C-AB2B-B3893EF8EBD8}.Release|Any CPU.ActiveCfg = Release|Any CPU
		{AD182395-A104-465C-AB2B-B3893EF8EBD8}.Release|Any CPU.Build.0 = Release|Any CPU
		{569980CA-D4E6-4554-B8B2-F9142C81D95E}.Debug|Any CPU.ActiveCfg = Debug|Any CPU
		{569980CA-D4E6-4554-B8B2-F9142C81D95E}.Debug|Any CPU.Build.0 = Debug|Any CPU
		{569980CA-D4E6-4554-B8B2-F9142C81D95E}.Release|Any CPU.ActiveCfg = Release|Any CPU
		{569980CA-D4E6-4554-B8B2-F9142C81D95E}.Release|Any CPU.Build.0 = Release|Any CPU
		{D33CC7CC-6FB0-4462-92C1-AAD5B1473429}.Debug|Any CPU.ActiveCfg = Debug|Any CPU
		{D33CC7CC-6FB0-4462-92C1-AAD5B1473429}.Debug|Any CPU.Build.0 = Debug|Any CPU
		{D33CC7CC-6FB0-4462-92C1-AAD5B1473429}.Release|Any CPU.ActiveCfg = Release|Any CPU
		{D33CC7CC-6FB0-4462-92C1-AAD5B1473429}.Release|Any CPU.Build.0 = Release|Any CPU
		{C8694C7C-BC3E-49E9-A220-8D2199275E75}.Debug|Any CPU.ActiveCfg = Debug|Any CPU
		{C8694C7C-BC3E-49E9-A220-8D2199275E75}.Debug|Any CPU.Build.0 = Debug|Any CPU
		{C8694C7C-BC3E-49E9-A220-8D2199275E75}.Release|Any CPU.ActiveCfg = Release|Any CPU
		{C8694C7C-BC3E-49E9-A220-8D2199275E75}.Release|Any CPU.Build.0 = Release|Any CPU
		{BF1FE0F6-C653-4104-A69A-08B10D4B87E4}.Debug|Any CPU.ActiveCfg = Debug|Any CPU
		{BF1FE0F6-C653-4104-A69A-08B10D4B87E4}.Debug|Any CPU.Build.0 = Debug|Any CPU
		{BF1FE0F6-C653-4104-A69A-08B10D4B87E4}.Release|Any CPU.ActiveCfg = Release|Any CPU
		{BF1FE0F6-C653-4104-A69A-08B10D4B87E4}.Release|Any CPU.Build.0 = Release|Any CPU
	EndGlobalSection
	GlobalSection(SolutionProperties) = preSolution
		HideSolutionNode = FALSE
	EndGlobalSection
	GlobalSection(ExtensibilityGlobals) = postSolution
		SolutionGuid = {8A8942D1-2D11-48C7-B447-51F2D99D6C20}
	EndGlobalSection
EndGlobal
