
Microsoft Visual Studio Solution File, Format Version 12.00
# Visual Studio Version 17
VisualStudioVersion = 17.10.34928.147
MinimumVisualStudioVersion = 10.0.40219.1
Project("{9A19103F-16F7-4668-BE54-9A1E7A4F7556}") = "Workplace", "Workplace\Workplace.csproj", "{EFF56FF3-EF9C-4B1F-82C4-D994E8D57A24}"
EndProject
Project("{9A19103F-16F7-4668-BE54-9A1E7A4F7556}") = "Workplace.Client", "Workplace.Client\Workplace.Client.csproj", "{D810AD7E-CB82-47A2-AB40-5ABED016D121}"
EndProject
Project("{FAE04EC0-301F-11D3-BF4B-00C04F79EFBC}") = "Workplace.Shared", "Workplace.Shared\Workplace.Shared.csproj", "{2569E95B-4A63-4760-9435-F86C5727D410}"
EndProject
Global
	GlobalSection(SolutionConfigurationPlatforms) = preSolution
		Debug|Any CPU = Debug|Any CPU
		Release|Any CPU = Release|Any CPU
	EndGlobalSection
	GlobalSection(ProjectConfigurationPlatforms) = postSolution
		{EFF56FF3-EF9C-4B1F-82C4-D994E8D57A24}.Debug|Any CPU.ActiveCfg = Debug|Any CPU
		{EFF56FF3-EF9C-4B1F-82C4-D994E8D57A24}.Debug|Any CPU.Build.0 = Debug|Any CPU
		{EFF56FF3-EF9C-4B1F-82C4-D994E8D57A24}.Release|Any CPU.ActiveCfg = Release|Any CPU
		{EFF56FF3-EF9C-4B1F-82C4-D994E8D57A24}.Release|Any CPU.Build.0 = Release|Any CPU
		{D810AD7E-CB82-47A2-AB40-5ABED016D121}.Debug|Any CPU.ActiveCfg = Debug|Any CPU
		{D810AD7E-CB82-47A2-AB40-5ABED016D121}.Debug|Any CPU.Build.0 = Debug|Any CPU
		{D810AD7E-CB82-47A2-AB40-5ABED016D121}.Release|Any CPU.ActiveCfg = Release|Any CPU
		{D810AD7E-CB82-47A2-AB40-5ABED016D121}.Release|Any CPU.Build.0 = Release|Any CPU
		{2569E95B-4A63-4760-9435-F86C5727D410}.Debug|Any CPU.ActiveCfg = Debug|Any CPU
		{2569E95B-4A63-4760-9435-F86C5727D410}.Debug|Any CPU.Build.0 = Debug|Any CPU
		{2569E95B-4A63-4760-9435-F86C5727D410}.Release|Any CPU.ActiveCfg = Release|Any CPU
		{2569E95B-4A63-4760-9435-F86C5727D410}.Release|Any CPU.Build.0 = Release|Any CPU
	EndGlobalSection
	GlobalSection(SolutionProperties) = preSolution
		HideSolutionNode = FALSE
	EndGlobalSection
	GlobalSection(ExtensibilityGlobals) = postSolution
		SolutionGuid = {8A8942D1-2D11-48C7-B447-51F2D99D6C20}
	EndGlobalSection
EndGlobal
